{
  "projects": [
    {
      "projectId": "azVx9DM13tZbR2SGxpPJBW",
      "version": "latest",
      "dependencies": {},
      "lang": "ts",
      "fileLocks": [
        {
          "type": "globalVariant",
          "assetId": "MpD2J1nj9GPB",
          "checksum": "1b9f695c18d207ec8f52280ff09e9495"
        },
        {
          "type": "globalVariant",
          "assetId": "IK06cfUF8p",
          "checksum": "66f49d740b165b6f798be14bb381a12d"
        },
        {
          "assetId": "azVx9DM13tZbR2SGxpPJBW",
          "type": "projectCss",
          "checksum": "67ed08542f856bd67d30d584c2e4fd19"
        },
        {
          "type": "renderModule",
          "assetId": "jSktf8A0ArUU",
          "checksum": "1f4e7cebabf20c39feca99bc839cd745"
        },
        {
          "type": "cssRules",
          "assetId": "jSktf8A0ArUU",
          "checksum": "1f4e7cebabf20c39feca99bc839cd745"
        },
        {
          "type": "renderModule",
          "assetId": "6Hw2GdZg4E",
          "checksum": "ea6c99860821cfe46dbdb7e42c9f47bc"
        },
        {
          "type": "cssRules",
          "assetId": "6Hw2GdZg4E",
          "checksum": "ea6c99860821cfe46dbdb7e42c9f47bc"
        },
        {
          "type": "renderModule",
          "assetId": "WybYbYmXYd",
          "checksum": "48eb44be3845ec9d9099faf9fd3902b2"
        },
        {
          "type": "cssRules",
          "assetId": "WybYbYmXYd",
          "checksum": "48eb44be3845ec9d9099faf9fd3902b2"
        },
        {
          "type": "renderModule",
          "assetId": "WLo4_NhyOe",
          "checksum": "39b919117be39e0851a4343292a1b72d"
        },
        {
          "type": "cssRules",
          "assetId": "WLo4_NhyOe",
          "checksum": "39b919117be39e0851a4343292a1b72d"
        },
        {
          "type": "renderModule",
          "assetId": "Ms55rfh3aQ",
          "checksum": "0cc9708f88ea466e57fee56fc629619b"
        },
        {
          "type": "cssRules",
          "assetId": "Ms55rfh3aQ",
          "checksum": "0cc9708f88ea466e57fee56fc629619b"
        },
        {
          "type": "renderModule",
          "assetId": "QxisHOJ3lBN",
          "checksum": "f8ef092b95f1b4162623dfff4e1a151e"
        },
        {
          "type": "cssRules",
          "assetId": "QxisHOJ3lBN",
          "checksum": "f8ef092b95f1b4162623dfff4e1a151e"
        },
        {
          "type": "renderModule",
          "assetId": "s5p5v6fIqv",
          "checksum": "abccbab62ed286acd64886c8102907a5"
        },
        {
          "type": "cssRules",
          "assetId": "s5p5v6fIqv",
          "checksum": "abccbab62ed286acd64886c8102907a5"
        },
        {
          "type": "renderModule",
          "assetId": "KLJ3eYMzM6",
          "checksum": "3c662e9973e4119c6cb30a929a66e956"
        },
        {
          "type": "cssRules",
          "assetId": "KLJ3eYMzM6",
          "checksum": "3c662e9973e4119c6cb30a929a66e956"
        },
        {
          "type": "renderModule",
          "assetId": "RwQZi7eZFd",
          "checksum": "d477487c52abfab8792fde17b8f78410"
        },
        {
          "type": "cssRules",
          "assetId": "RwQZi7eZFd",
          "checksum": "d477487c52abfab8792fde17b8f78410"
        },
        {
          "type": "icon",
          "assetId": "cwJrUItrF",
          "checksum": "7b951df4277ba98e695c4eb044cb7c36"
        },
        {
          "type": "icon",
          "assetId": "cBPVv-cl4",
          "checksum": "39ce3f16773394574f6016772c428df6"
        },
        {
          "type": "icon",
          "assetId": "pjGKTN-7w",
          "checksum": "cf0a420b85d5d92dca6f4dac2ed96aff"
        },
        {
          "type": "icon",
          "assetId": "dUKh8-XoF",
          "checksum": "bb2de5cd43636c17bd41f05e8d744fed"
        },
        {
          "type": "icon",
          "assetId": "iw-Wt1o3f",
          "checksum": "5adca79412c96eab9e935548ead17ce5"
        },
        {
          "type": "icon",
          "assetId": "3MTRNv7D5",
          "checksum": "4cec2388d63ce7d6d9259b0f485b1458"
        },
        {
          "type": "icon",
          "assetId": "Dy0n5Dy_a",
          "checksum": "ffc4b01f6e542b8498d2d9066714f3f0"
        },
        {
          "type": "icon",
          "assetId": "rmynkbPIN",
          "checksum": "6db3786f1ae341843e07bdae813063b1"
        },
        {
          "type": "icon",
          "assetId": "X92WVhKAn",
          "checksum": "76c7d3d1ad22fbe3fddde78e5b22b666"
        },
        {
          "type": "icon",
          "assetId": "Flw25NYGX",
          "checksum": "ba3992449aca876aabb21fa3ffb66029"
        },
        {
          "type": "icon",
          "assetId": "9tosiFRmf",
          "checksum": "b916a731f2634c1f14419dbb45d45637"
        },
        {
          "type": "icon",
          "assetId": "BvGoZqD6m",
          "checksum": "1b8ebe22935d953c6bd7e090cfdd5c92"
        },
        {
          "type": "image",
          "assetId": "Yicp3Lg_S",
          "checksum": "2b4a6440a52fdeaf63a8cf098d5c7ab2"
        },
        {
          "type": "image",
          "assetId": "2UYEVll4d3",
          "checksum": "79e0d5b16042f886d849a3095bd0393a"
        },
        {
          "type": "image",
          "assetId": "ZP9rB35W4H",
          "checksum": "64ce37d617705b6857279a6b4739c48d"
        },
        {
          "type": "image",
          "assetId": "StCKt6_Cu6",
          "checksum": "4d4e351bbdf8ae4bb80bf17b609934eb"
        },
        {
          "type": "image",
          "assetId": "gwHhXKGFm",
          "checksum": "74787c13503340b26114eacba32aab76"
        },
        {
          "type": "image",
          "assetId": "fqLvwmDJH",
          "checksum": "3db736e00fcb677300c10f82a3b081b6"
        },
        {
          "type": "image",
          "assetId": "ENYzwnINd",
          "checksum": "ed4a32c3da0ab99b33a7a63451fb846e"
        },
        {
          "type": "image",
          "assetId": "rFDKFObjp",
          "checksum": "7a4964c7010456b3bba72b3322675be5"
        },
        {
          "type": "image",
          "assetId": "N0xjTwSQv",
          "checksum": "2041c07421b0a7e0fabcf80178f7a1a3"
        },
        {
          "type": "image",
          "assetId": "ZPDg6n-FG",
          "checksum": "b9cce2023ae71c670d65685b9575568f"
        },
        {
          "type": "image",
          "assetId": "uqpZ4PPfT",
          "checksum": "f2cbff7fd00c68781151d47ed9c31921"
        },
        {
          "type": "image",
          "assetId": "T7i5rL0yq",
          "checksum": "dea9f75ee7d19f8a5cfef3273715b1c0"
        },
        {
          "type": "image",
          "assetId": "IBFISG1jD",
          "checksum": "7328e803ae351c8eff7cfe9c4639eb99"
        },
        {
          "type": "image",
          "assetId": "4KEBbr4d9",
          "checksum": "cc3c596b9835aeace38bde05436d5921"
        },
        {
          "type": "image",
          "assetId": "LDHYiUuyT",
          "checksum": "825d473b7e2b0ce22098ad5037386f18"
        }
      ]
    }
  ],
  "cliVersion": "0.1.161"
}
